{
  "originHash" : "b02ee14a75adcbffa54307f5974ae9e3b7aa0c7a101a79008d8257bfae936357",
  "pins" : [
    {
      "identity" : "pocketsvg",
      "kind" : "remoteSourceControl",
      "location" : "https://github.com/pocketsvg/PocketSVG.git",
      "state" : {
        "revision" : "890a94e60c59cdf055b4d549dd246f60c6b25b5e",
        "version" : "2.8.0"
      }
    }
  ],
  "version" : 3
}
