{
  "originHash" : "cf68f451986d41aa806707fcba6fc7b4f07760d1cbab47e4913aeabfbacba855",
  "pins" : [
    {
      "identity" : "aetherengine",
      "kind" : "remoteSourceControl",
      "location" : "https://github.com/superuser404notfound/AetherEngine",
      "state" : {
        "revision" : "3cd7af91c828eb6f0745df941d5f5cf5ba17efbc",
        "version" : "6.78.0"
      }
    },
    {
      "identity" : "ffmpegbuild",
      "kind" : "remoteSourceControl",
      "location" : "https://github.com/superuser404notfound/FFmpegBuild",
      "state" : {
        "revision" : "c60d2be050cc0a1ea21b463fa2db87f72164af30",
        "version" : "3.2.0"
      }
    },
    {
      "identity" : "libdovi",
      "kind" : "remoteSourceControl",
      "location" : "https://github.com/superuser404notfound/LibDovi",
      "state" : {
        "revision" : "0d7cce1d6836a30d13a3a2326e50a153af53f014",
        "version" : "2.1.0"
      }
    },
    {
      "identity" : "smbclient",
      "kind" : "remoteSourceControl",
      "location" : "https://github.com/kishikawakatsumi/SMBClient",
      "state" : {
        "revision" : "e636c2b2458930770932a36d311ec9d478575b90",
        "version" : "0.3.1"
      }
    },
    {
      "identity" : "swiftdraw",
      "kind" : "remoteSourceControl",
      "location" : "https://github.com/swhitty/SwiftDraw",
      "state" : {
        "revision" : "82699f4bdf2f075793cfa0d392eb27c59b41a3fe",
        "version" : "0.29.0"
      }
    }
  ],
  "version" : 3
}
